<?xml version="1.0" encoding="utf-8"?>
<Project ToolsVersion="4.0" xmlns="http://schemas.microsoft.com/developer/msbuild/2003">
  <ItemGroup>
    <Filter Include="Source Files">
      <UniqueIdentifier>{4FC737F1-C7A5-4376-A066-2A32D752A2FF}</UniqueIdentifier>
      <Extensions>cpp;c;cc;cxx;c++;cppm;ixx;def;odl;idl;hpj;bat;asm;asmx</Extensions>
    </Filter>
    <Filter Include="Header Files">
      <UniqueIdentifier>{93995380-89BD-4b04-88EB-625FBE52EBFB}</UniqueIdentifier>
      <Extensions>h;hh;hpp;hxx;h++;hm;inl;inc;ipp;xsd</Extensions>
    </Filter>
    <Filter Include="Resource Files">
      <UniqueIdentifier>{67DA6AB6-F800-4c08-8B7A-83BB121AAD01}</UniqueIdentifier>
      <Extensions>rc;ico;cur;bmp;dlg;rc2;rct;bin;rgs;gif;jpg;jpeg;jpe;resx;tiff;tif;png;wav;mfcribbon-ms</Extensions>
    </Filter>
    <Filter Include="Source Files\global">
      <UniqueIdentifier>{665d2d01-dcc6-4c35-90cb-2a6448d7dbd6}</UniqueIdentifier>
    </Filter>
    <Filter Include="Header Files\global">
      <UniqueIdentifier>{8723699f-6a49-414d-abc0-afc6e6badcf1}</UniqueIdentifier>
    </Filter>
    <Filter Include="Source Files\modules">
      <UniqueIdentifier>{0f1b0565-df5f-4852-b027-248489caf70c}</UniqueIdentifier>
    </Filter>
    <Filter Include="Header Files\module">
      <UniqueIdentifier>{0b499e78-ccef-4de9-b9e4-8b624e67baab}</UniqueIdentifier>
    </Filter>
    <Filter Include="Header Files\module\modules">
      <UniqueIdentifier>{2c463f04-f5af-4d1d-bb5d-4243e32de5c6}</UniqueIdentifier>
    </Filter>
    <Filter Include="Header Files\hooks">
      <UniqueIdentifier>{753d8239-ff7f-4bba-8cd8-ba35b37c2175}</UniqueIdentifier>
    </Filter>
    <Filter Include="Header Files\module\modules\management">
      <UniqueIdentifier>{e1059efd-4539-4715-a223-ef86a1eceae7}</UniqueIdentifier>
    </Filter>
    <Filter Include="Header Files\module\modules\movement">
      <UniqueIdentifier>{18c1a56d-5f01-4d0a-8898-0ae6291e915d}</UniqueIdentifier>
    </Filter>
    <Filter Include="Header Files\module\modules\enviroment">
      <UniqueIdentifier>{d182d15e-3cad-4f38-a18e-128e6e9a501a}</UniqueIdentifier>
    </Filter>
    <Filter Include="Source Files\modules\management">
      <UniqueIdentifier>{60867937-1c95-422c-a069-d41d7003bd93}</UniqueIdentifier>
    </Filter>
    <Filter Include="Source Files\modules\movement">
      <UniqueIdentifier>{17d9e70c-08ce-4ff3-82e6-ca734b62224d}</UniqueIdentifier>
    </Filter>
    <Filter Include="Source Files\modules\enviroment">
      <UniqueIdentifier>{fa17cd99-67e0-4e61-b3a5-d3cd0ffab790}</UniqueIdentifier>
    </Filter>
    <Filter Include="Source Files\hooks">
      <UniqueIdentifier>{3d9255c5-a811-41e8-bd9a-a55df48bf214}</UniqueIdentifier>
    </Filter>
  </ItemGroup>
  <ItemGroup>
    <ClInclude Include="framework.h">
      <Filter>Header Files</Filter>
    </ClInclude>
    <ClInclude Include="pch.h">
      <Filter>Header Files</Filter>
    </ClInclude>
    <ClInclude Include="global.h">
      <Filter>Header Files\global</Filter>
    </ClInclude>
    <ClInclude Include="modules.h">
      <Filter>Header Files\module</Filter>
    </ClInclude>
    <ClInclude Include="main.h">
      <Filter>Header Files</Filter>
    </ClInclude>
    <ClInclude Include="ChatMessageHooks.h">
      <Filter>Header Files\hooks</Filter>
    </ClInclude>
    <ClInclude Include="hooks.h">
      <Filter>Header Files\hooks</Filter>
    </ClInclude>
    <ClInclude Include="interpreter.h">
      <Filter>Header Files\module</Filter>
    </ClInclude>
    <ClInclude Include="GlobalHooks.h">
      <Filter>Header Files\hooks</Filter>
    </ClInclude>
    <ClInclude Include="HelpLists.h">
      <Filter>Header Files\module\modules\management</Filter>
    </ClInclude>
  </ItemGroup>
  <ItemGroup>
    <ClCompile Include="dllmain.cpp">
      <Filter>Source Files</Filter>
    </ClCompile>
    <ClCompile Include="pch.cpp">
      <Filter>Source Files</Filter>
    </ClCompile>
    <ClCompile Include="global.cpp">
      <Filter>Source Files\global</Filter>
    </ClCompile>
    <ClCompile Include="interpreter.cpp">
      <Filter>Source Files\modules</Filter>
    </ClCompile>
    <ClCompile Include="ChatMessageHooks.cpp">
      <Filter>Source Files\hooks</Filter>
    </ClCompile>
    <ClCompile Include="main.cpp">
      <Filter>Source Files</Filter>
    </ClCompile>
    <ClCompile Include="GlobalHooks.cpp">
      <Filter>Source Files\hooks</Filter>
    </ClCompile>
  </ItemGroup>
  <ItemGroup>
    <Text Include="Modules.txt">
      <Filter>Header Files\module</Filter>
    </Text>
  </ItemGroup>
</Project>